
Microsoft Visual Studio Solution File, Format Version 10.00
# Visual Studio 2008
Project("{FAE04EC0-301F-11D3-BF4B-00C04F79EFBC}") = "Avocat", "Avocat\Avocat.csproj", "{A525B6A9-6831-48EA-9221-1D22E54D28BA}"
EndProject
Project("{FAE04EC0-301F-11D3-BF4B-00C04F79EFBC}") = "AvocatBLL", "AvocatBLL\AvocatBLL.csproj", "{4B5F6C80-0C10-40AB-B2F1-25D8AAF97EF1}"
EndProject
Project("{FAE04EC0-301F-11D3-BF4B-00C04F79EFBC}") = "AvocatDAL", "AvocatDAL\AvocatDAL.csproj", "{06545246-6AA8-4301-91A2-37A224BBDD75}"
EndProject
Global
	GlobalSection(SolutionConfigurationPlatforms) = preSolution
		Debug|Any CPU = Debug|Any CPU
		Debug|x86 = Debug|x86
		Release|Any CPU = Release|Any CPU
		Release|x86 = Release|x86
	EndGlobalSection
	GlobalSection(ProjectConfigurationPlatforms) = postSolution
		{A525B6A9-6831-48EA-9221-1D22E54D28BA}.Debug|Any CPU.ActiveCfg = Debug|Any CPU
		{A525B6A9-6831-48EA-9221-1D22E54D28BA}.Debug|Any CPU.Build.0 = Debug|Any CPU
		{A525B6A9-6831-48EA-9221-1D22E54D28BA}.Debug|x86.ActiveCfg = Debug|x86
		{A525B6A9-6831-48EA-9221-1D22E54D28BA}.Debug|x86.Build.0 = Debug|x86
		{A525B6A9-6831-48EA-9221-1D22E54D28BA}.Release|Any CPU.ActiveCfg = Release|Any CPU
		{A525B6A9-6831-48EA-9221-1D22E54D28BA}.Release|Any CPU.Build.0 = Release|Any CPU
		{A525B6A9-6831-48EA-9221-1D22E54D28BA}.Release|x86.ActiveCfg = Release|x86
		{A525B6A9-6831-48EA-9221-1D22E54D28BA}.Release|x86.Build.0 = Release|x86
		{4B5F6C80-0C10-40AB-B2F1-25D8AAF97EF1}.Debug|Any CPU.ActiveCfg = Debug|Any CPU
		{4B5F6C80-0C10-40AB-B2F1-25D8AAF97EF1}.Debug|Any CPU.Build.0 = Debug|Any CPU
		{4B5F6C80-0C10-40AB-B2F1-25D8AAF97EF1}.Debug|x86.ActiveCfg = Debug|Any CPU
		{4B5F6C80-0C10-40AB-B2F1-25D8AAF97EF1}.Release|Any CPU.ActiveCfg = Release|Any CPU
		{4B5F6C80-0C10-40AB-B2F1-25D8AAF97EF1}.Release|Any CPU.Build.0 = Release|Any CPU
		{4B5F6C80-0C10-40AB-B2F1-25D8AAF97EF1}.Release|x86.ActiveCfg = Release|Any CPU
		{06545246-6AA8-4301-91A2-37A224BBDD75}.Debug|Any CPU.ActiveCfg = Debug|Any CPU
		{06545246-6AA8-4301-91A2-37A224BBDD75}.Debug|Any CPU.Build.0 = Debug|Any CPU
		{06545246-6AA8-4301-91A2-37A224BBDD75}.Debug|x86.ActiveCfg = Debug|Any CPU
		{06545246-6AA8-4301-91A2-37A224BBDD75}.Release|Any CPU.ActiveCfg = Release|Any CPU
		{06545246-6AA8-4301-91A2-37A224BBDD75}.Release|Any CPU.Build.0 = Release|Any CPU
		{06545246-6AA8-4301-91A2-37A224BBDD75}.Release|x86.ActiveCfg = Release|Any CPU
	EndGlobalSection
	GlobalSection(SolutionProperties) = preSolution
		HideSolutionNode = FALSE
	EndGlobalSection
EndGlobal
